<?xml version="1.0" encoding="UTF-8" standalone="yes" ?>
<CodeBlocks_project_file>
	<FileVersion major="1" minor="6" />
	<Project>
		<Option title="cp_tx_rx" />
		<Option pch_mode="2" />
		<Option compiler="gcc" />
		<Build>
			<Target title="Debug">
				<Option output="bin/Debug/cp_tx_rx" prefix_auto="1" extension_auto="1" />
				<Option object_output="obj/Debug/" />
				<Option type="1" />
				<Option compiler="gcc" />
				<Compiler>
					<Add option="-g" />
					<Add directory="../library_files/tinyxml2" />
				</Compiler>
			</Target>
			<Target title="Release">
				<Option output="bin/Release/cp_tx_rx" prefix_auto="1" extension_auto="1" />
				<Option object_output="obj/Release/" />
				<Option type="1" />
				<Option compiler="gcc" />
				<Compiler>
					<Add option="-O2" />
					<Add directory="../library_files/tinyxml2" />
				</Compiler>
				<Linker>
					<Add option="-s" />
				</Linker>
			</Target>
		</Build>
		<Compiler>
			<Add option="-Wall" />
			<Add option="-fexceptions" />
		</Compiler>
		<Unit filename="../library_files/tinyxml2/tinyxml2.cpp" />
		<Unit filename="../library_files/tinyxml2/tinyxml2.h" />
		<Unit filename="bitConfig.cc" />
		<Unit filename="bitConfig.h" />
		<Unit filename="main.cpp" />
		<Unit filename="packet.xml" />
		<Unit filename="struct_classes.h" />
		<Unit filename="txUtils.cc" />
		<Unit filename="txUtils.h" />
		<Unit filename="xmlConfig.cc" />
		<Unit filename="xmlConfig.h" />
		<Extensions>
			<lib_finder disable_auto="1" />
		</Extensions>
	</Project>
</CodeBlocks_project_file>
